// !$*UTF8*$!
{
	archiveVersion = 1;
	classes = {
	};
	objectVersion = 55;
	objects = {

/* Begin PBXBuildFile section */
		D6949F502797A00800A316CA /* AppDelegate.swift in Sources */ = {isa = PBXBuildFile; fileRef = D6949F4F2797A00800A316CA /* AppDelegate.swift */; };
		D6949F522797A00800A316CA /* SceneDelegate.swift in Sources */ = {isa = PBXBuildFile; fileRef = D6949F512797A00800A316CA /* SceneDelegate.swift */; };
		D6949F542797A00800A316CA /* ViewController.swift in Sources */ = {isa = PBXBuildFile; fileRef = D6949F532797A00800A316CA /* ViewController.swift */; };
		D6949F572797A00800A316CA /* Main.storyboard in Resources */ = {isa = PBXBuildFile; fileRef = D6949F552797A00800A316CA /* Main.storyboard */; };
		D6949F592797A00E00A316CA /* Assets.xcassets in Resources */ = {isa = PBXBuildFile; fileRef = D6949F582797A00E00A316CA /* Assets.xcassets */; };
		D6949F5C2797A00E00A316CA /* LaunchScreen.storyboard in Resources */ = {isa = PBXBuildFile; fileRef = D6949F5A2797A00E00A316CA /* LaunchScreen.storyboard */; };
		D6949F642797B48B00A316CA /* ContentTableViewCell.swift in Sources */ = {isa = PBXBuildFile; fileRef = D6949F632797B48A00A316CA /* ContentTableViewCell.swift */; };
		D6949F662797B54300A316CA /* ChatTableViewController.swift in Sources */ = {isa = PBXBuildFile; fileRef = D6949F652797B54300A316CA /* ChatTableViewController.swift */; };
		D6949F682797B5CE00A316CA /* LyricData.swift in Sources */ = {isa = PBXBuildFile; fileRef = D6949F672797B5CE00A316CA /* LyricData.swift */; };
/* End PBXBuildFile section */

/* Begin PBXFileReference section */
		D6949F4C2797A00800A316CA /* Homework56ChatRoom.app */ = {isa = PBXFileReference; explicitFileType = wrapper.application; includeInIndex = 0; path = Homework56ChatRoom.app; sourceTree = BUILT_PRODUCTS_DIR; };
		D6949F4F2797A00800A316CA /* AppDelegate.swift */ = {isa = PBXFileReference; lastKnownFileType = sourcecode.swift; path = AppDelegate.swift; sourceTree = "<group>"; };
		D6949F512797A00800A316CA /* SceneDelegate.swift */ = {isa = PBXFileReference; lastKnownFileType = sourcecode.swift; path = SceneDelegate.swift; sourceTree = "<group>"; };
		D6949F532797A00800A316CA /* ViewController.swift */ = {isa = PBXFileReference; lastKnownFileType = sourcecode.swift; path = ViewController.swift; sourceTree = "<group>"; };
		D6949F562797A00800A316CA /* Base */ = {isa = PBXFileReference; lastKnownFileType = file.storyboard; name = Base; path = Base.lproj/Main.storyboard; sourceTree = "<group>"; };
		D6949F582797A00E00A316CA /* Assets.xcassets */ = {isa = PBXFileReference; lastKnownFileType = folder.assetcatalog; path = Assets.xcassets; sourceTree = "<group>"; };
		D6949F5B2797A00E00A316CA /* Base */ = {isa = PBXFileReference; lastKnownFileType = file.storyboard; name = Base; path = Base.lproj/LaunchScreen.storyboard; sourceTree = "<group>"; };
		D6949F5D2797A00F00A316CA /* Info.plist */ = {isa = PBXFileReference; lastKnownFileType = text.plist.xml; path = Info.plist; sourceTree = "<group>"; };
		D6949F632797B48A00A316CA /* ContentTableViewCell.swift */ = {isa = PBXFileReference; lastKnownFileType = sourcecode.swift; path = ContentTableViewCell.swift; sourceTree = "<group>"; };
		D6949F652797B54300A316CA /* ChatTableViewController.swift */ = {isa = PBXFileReference; lastKnownFileType = sourcecode.swift; path = ChatTableViewController.swift; sourceTree = "<group>"; };
		D6949F672797B5CE00A316CA /* LyricData.swift */ = {isa = PBXFileReference; lastKnownFileType = sourcecode.swift; path = LyricData.swift; sourceTree = "<group>"; };
/* End PBXFileReference section */

/* Begin PBXFrameworksBuildPhase section */
		D6949F492797A00800A316CA /* Frameworks */ = {
			isa = PBXFrameworksBuildPhase;
			buildActionMask = 2147483647;
			files = (
			);
			runOnlyForDeploymentPostprocessing = 0;
		};
/* End PBXFrameworksBuildPhase section */

/* Begin PBXGroup section */
		D6949F432797A00800A316CA = {
			isa = PBXGroup;
			children = (
				D6949F4E2797A00800A316CA /* Homework56ChatRoom */,
				D6949F4D2797A00800A316CA /* Products */,
			);
			sourceTree = "<group>";
		};
		D6949F4D2797A00800A316CA /* Products */ = {
			isa = PBXGroup;
			children = (
				D6949F4C2797A00800A316CA /* Homework56ChatRoom.app */,
			);
			name = Products;
			sourceTree = "<group>";
		};
		D6949F4E2797A00800A316CA /* Homework56ChatRoom */ = {
			isa = PBXGroup;
			children = (
				D6949F4F2797A00800A316CA /* AppDelegate.swift */,
				D6949F512797A00800A316CA /* SceneDelegate.swift */,
				D6949F532797A00800A316CA /* ViewController.swift */,
				D6949F552797A00800A316CA /* Main.storyboard */,
				D6949F672797B5CE00A316CA /* LyricData.swift */,
				D6949F652797B54300A316CA /* ChatTableViewController.swift */,
				D6949F632797B48A00A316CA /* ContentTableViewCell.swift */,
				D6949F582797A00E00A316CA /* Assets.xcassets */,
				D6949F5A2797A00E00A316CA /* LaunchScreen.storyboard */,
				D6949F5D2797A00F00A316CA /* Info.plist */,
			);
			path = Homework56ChatRoom;
			sourceTree = "<group>";
		};
/* End PBXGroup section */

/* Begin PBXNativeTarget section */
		D6949F4B2797A00800A316CA /* Homework56ChatRoom */ = {
			isa = PBXNativeTarget;
			buildConfigurationList = D6949F602797A00F00A316CA /* Build configuration list for PBXNativeTarget "Homework56ChatRoom" */;
			buildPhases = (
				D6949F482797A00800A316CA /* Sources */,
				D6949F492797A00800A316CA /* Frameworks */,
				D6949F4A2797A00800A316CA /* Resources */,
			);
			buildRules = (
			);
			dependencies = (
			);
			name = Homework56ChatRoom;
			productName = Homework56ChatRoom;
			productReference = D6949F4C2797A00800A316CA /* Homework56ChatRoom.app */;
			productType = "com.apple.product-type.application";
		};
/* End PBXNativeTarget section */

/* Begin PBXProject section */
		D6949F442797A00800A316CA /* Project object */ = {
			isa = PBXProject;
			attributes = {
				BuildIndependentTargetsInParallel = 1;
				LastSwiftUpdateCheck = 1320;
				LastUpgradeCheck = 1320;
				TargetAttributes = {
					D6949F4B2797A00800A316CA = {
						CreatedOnToolsVersion = 13.2.1;
					};
				};
			};
			buildConfigurationList = D6949F472797A00800A316CA /* Build configuration list for PBXProject "Homework56ChatRoom" */;
			compatibilityVersion = "Xcode 13.0";
			developmentRegion = en;
			hasScannedForEncodings = 0;
			knownRegions = (
				en,
				Base,
			);
			mainGroup = D6949F432797A00800A316CA;
			productRefGroup = D6949F4D2797A00800A316CA /* Products */;
			projectDirPath = "";
			projectRoot = "";
			targets = (
				D6949F4B2797A00800A316CA /* Homework56ChatRoom */,
			);
		};
/* End PBXProject section */

/* Begin PBXResourcesBuildPhase section */
		D6949F4A2797A00800A316CA /* Resources */ = {
			isa = PBXResourcesBuildPhase;
			buildActionMask = 2147483647;
			files = (
				D6949F5C2797A00E00A316CA /* LaunchScreen.storyboard in Resources */,
				D6949F592797A00E00A316CA /* Assets.xcassets in Resources */,
				D6949F572797A00800A316CA /* Main.storyboard in Resources */,
			);
			runOnlyForDeploymentPostprocessing = 0;
		};
/* End PBXResourcesBuildPhase section */

/* Begin PBXSourcesBuildPhase section */
		D6949F482797A00800A316CA /* Sources */ = {
			isa = PBXSourcesBuildPhase;
			buildActionMask = 2147483647;
			files = (
				D6949F542797A00800A316CA /* ViewController.swift in Sources */,
				D6949F502797A00800A316CA /* AppDelegate.swift in Sources */,
				D6949F522797A00800A316CA /* SceneDelegate.swift in Sources */,
				D6949F642797B48B00A316CA /* ContentTableViewCell.swift in Sources */,
				D6949F662797B54300A316CA /* ChatTableViewController.swift in Sources */,
				D6949F682797B5CE00A316CA /* LyricData.swift in Sources */,
			);
			runOnlyForDeploymentPostprocessing = 0;
		};
/* End PBXSourcesBuildPhase section */

/* Begin PBXVariantGroup section */
		D6949F552797A00800A316CA /* Main.storyboard */ = {
			isa = PBXVariantGroup;
			children = (
				D6949F562797A00800A316CA /* Base */,
			);
			name = Main.storyboard;
			sourceTree = "<group>";
		};
		D6949F5A2797A00E00A316CA /* LaunchScreen.storyboard */ = {
			isa = PBXVariantGroup;
			children = (
				D6949F5B2797A00E00A316CA /* Base */,
			);
			name = LaunchScreen.storyboard;
			sourceTree = "<group>";
		};
/* End PBXVariantGroup section */

/* Begin XCBuildConfiguration section */
		D6949F5E2797A00F00A316CA /* Debug */ = {
			isa = XCBuildConfiguration;
			buildSettings = {
				ALWAYS_SEARCH_USER_PATHS = NO;
				CLANG_ANALYZER_NONNULL = YES;
				CLANG_ANALYZER_NUMBER_OBJECT_CONVERSION = YES_AGGRESSIVE;
				CLANG_CXX_LANGUAGE_STANDARD = "gnu++17";
				CLANG_CXX_LIBRARY = "libc++";
				CLANG_ENABLE_MODULES = YES;
				CLANG_ENABLE_OBJC_ARC = YES;
				CLANG_ENABLE_OBJC_WEAK = YES;
				CLANG_WARN_BLOCK_CAPTURE_AUTORELEASING = YES;
				CLANG_WARN_BOOL_CONVERSION = YES;
				CLANG_WARN_COMMA = YES;
				CLANG_WARN_CONSTANT_CONVERSION = YES;
				CLANG_WARN_DEPRECATED_OBJC_IMPLEMENTATIONS = YES;
				CLANG_WARN_DIRECT_OBJC_ISA_USAGE = YES_ERROR;
				CLANG_WARN_DOCUMENTATION_COMMENTS = YES;
				CLANG_WARN_EMPTY_BODY = YES;
				CLANG_WARN_ENUM_CONVERSION = YES;
				CLANG_WARN_INFINITE_RECURSION = YES;
				CLANG_WARN_INT_CONVERSION = YES;
				CLANG_WARN_NON_LITERAL_NULL_CONVERSION = YES;
				CLANG_WARN_OBJC_IMPLICIT_RETAIN_SELF = YES;
				CLANG_WARN_OBJC_LITERAL_CONVERSION = YES;
				CLANG_WARN_OBJC_ROOT_CLASS = YES_ERROR;
				CLANG_WARN_QUOTED_INCLUDE_IN_FRAMEWORK_HEADER = YES;
				CLANG_WARN_RANGE_LOOP_ANALYSIS = YES;
				CLANG_WARN_STRICT_PROTOTYPES = YES;
				CLANG_WARN_SUSPICIOUS_MOVE = YES;
				CLANG_WARN_UNGUARDED_AVAILABILITY = YES_AGGRESSIVE;
				CLANG_WARN_UNREACHABLE_CODE = YES;
				CLANG_WARN__DUPLICATE_METHOD_MATCH = YES;
				COPY_PHASE_STRIP = NO;
				DEBUG_INFORMATION_FORMAT = dwarf;
				ENABLE_STRICT_OBJC_MSGSEND = YES;
				ENABLE_TESTABILITY = YES;
				GCC_C_LANGUAGE_STANDARD = gnu11;
				GCC_DYNAMIC_NO_PIC = NO;
				GCC_NO_COMMON_BLOCKS = YES;
				GCC_OPTIMIZATION_LEVEL = 0;
				GCC_PREPROCESSOR_DEFINITIONS = (
					"DEBUG=1",
					"$(inherited)",
				);
				GCC_WARN_64_TO_32_BIT_CONVERSION = YES;
				GCC_WARN_ABOUT_RETURN_TYPE = YES_ERROR;
				GCC_WARN_UNDECLARED_SELECTOR = YES;
				GCC_WARN_UNINITIALIZED_AUTOS = YES_AGGRESSIVE;
				GCC_WARN_UNUSED_FUNCTION = YES;
				GCC_WARN_UNUSED_VARIABLE = YES;
				IPHONEOS_DEPLOYMENT_TARGET = 15.2;
				MTL_ENABLE_DEBUG_INFO = INCLUDE_SOURCE;
				MTL_FAST_MATH = YES;
				ONLY_ACTIVE_ARCH = YES;
				SDKROOT = iphoneos;
				SWIFT_ACTIVE_COMPILATION_CONDITIONS = DEBUG;
				SWIFT_OPTIMIZATION_LEVEL = "-Onone";
			};
			name = Debug;
		};
		D6949F5F2797A00F00A316CA /* Release */ = {
			isa = XCBuildConfiguration;
			buildSettings = {
				ALWAYS_SEARCH_USER_PATHS = NO;
				CLANG_ANALYZER_NONNULL = YES;
				CLANG_ANALYZER_NUMBER_OBJECT_CONVERSION = YES_AGGRESSIVE;
				CLANG_CXX_LANGUAGE_STANDARD = "gnu++17";
				CLANG_CXX_LIBRARY = "libc++";
				CLANG_ENABLE_MODULES = YES;
				CLANG_ENABLE_OBJC_ARC = YES;
				CLANG_ENABLE_OBJC_WEAK = YES;
				CLANG_WARN_BLOCK_CAPTURE_AUTORELEASING = YES;
				CLANG_WARN_BOOL_CONVERSION = YES;
				CLANG_WARN_COMMA = YES;
				CLANG_WARN_CONSTANT_CONVERSION = YES;
				CLANG_WARN_DEPRECATED_OBJC_IMPLEMENTATIONS = YES;
				CLANG_WARN_DIRECT_OBJC_ISA_USAGE = YES_ERROR;
				CLANG_WARN_DOCUMENTATION_COMMENTS = YES;
				CLANG_WARN_EMPTY_BODY = YES;
				CLANG_WARN_ENUM_CONVERSION = YES;
				CLANG_WARN_INFINITE_RECURSION = YES;
				CLANG_WARN_INT_CONVERSION = YES;
				CLANG_WARN_NON_LITERAL_NULL_CONVERSION = YES;
				CLANG_WARN_OBJC_IMPLICIT_RETAIN_SELF = YES;
				CLANG_WARN_OBJC_LITERAL_CONVERSION = YES;
				CLANG_WARN_OBJC_ROOT_CLASS = YES_ERROR;
				CLANG_WARN_QUOTED_INCLUDE_IN_FRAMEWORK_HEADER = YES;
				CLANG_WARN_RANGE_LOOP_ANALYSIS = YES;
				CLANG_WARN_STRICT_PROTOTYPES = YES;
				CLANG_WARN_SUSPICIOUS_MOVE = YES;
				CLANG_WARN_UNGUARDED_AVAILABILITY = YES_AGGRESSIVE;
				CLANG_WARN_UNREACHABLE_CODE = YES;
				CLANG_WARN__DUPLICATE_METHOD_MATCH = YES;
				COPY_PHASE_STRIP = NO;
				DEBUG_INFORMATION_FORMAT = "dwarf-with-dsym";
				ENABLE_NS_ASSERTIONS = NO;
				ENABLE_STRICT_OBJC_MSGSEND = YES;
				GCC_C_LANGUAGE_STANDARD = gnu11;
				GCC_NO_COMMON_BLOCKS = YES;
				GCC_WARN_64_TO_32_BIT_CONVERSION = YES;
				GCC_WARN_ABOUT_RETURN_TYPE = YES_ERROR;
				GCC_WARN_UNDECLARED_SELECTOR = YES;
				GCC_WARN_UNINITIALIZED_AUTOS = YES_AGGRESSIVE;
				GCC_WARN_UNUSED_FUNCTION = YES;
				GCC_WARN_UNUSED_VARIABLE = YES;
				IPHONEOS_DEPLOYMENT_TARGET = 15.2;
				MTL_ENABLE_DEBUG_INFO = NO;
				MTL_FAST_MATH = YES;
				SDKROOT = iphoneos;
				SWIFT_COMPILATION_MODE = wholemodule;
				SWIFT_OPTIMIZATION_LEVEL = "-O";
				VALIDATE_PRODUCT = YES;
			};
			name = Release;
		};
		D6949F612797A00F00A316CA /* Debug */ = {
			isa = XCBuildConfiguration;
			buildSettings = {
				ASSETCATALOG_COMPILER_APPICON_NAME = AppIcon;
				ASSETCATALOG_COMPILER_GLOBAL_ACCENT_COLOR_NAME = AccentColor;
				CODE_SIGN_STYLE = Automatic;
				CURRENT_PROJECT_VERSION = 1;
				DEVELOPMENT_TEAM = F25SU568R8;
				GENERATE_INFOPLIST_FILE = YES;
				INFOPLIST_FILE = Homework56ChatRoom/Info.plist;
				INFOPLIST_KEY_UIApplicationSupportsIndirectInputEvents = YES;
				INFOPLIST_KEY_UILaunchStoryboardName = LaunchScreen;
				INFOPLIST_KEY_UIMainStoryboardFile = Main;
				INFOPLIST_KEY_UISupportedInterfaceOrientations_iPad = "UIInterfaceOrientationPortrait UIInterfaceOrientationPortraitUpsideDown UIInterfaceOrientationLandscapeLeft UIInterfaceOrientationLandscapeRight";
				INFOPLIST_KEY_UISupportedInterfaceOrientations_iPhone = "UIInterfaceOrientationPortrait UIInterfaceOrientationLandscapeLeft UIInterfaceOrientationLandscapeRight";
				LD_RUNPATH_SEARCH_PATHS = (
					"$(inherited)",
					"@executable_path/Frameworks",
				);
				MARKETING_VERSION = 1.0;
				PRODUCT_BUNDLE_IDENTIFIER = learnIOS.Homework56ChatRoom;
				PRODUCT_NAME = "$(TARGET_NAME)";
				SWIFT_EMIT_LOC_STRINGS = YES;
				SWIFT_VERSION = 5.0;
				TARGETED_DEVICE_FAMILY = "1,2";
			};
			name = Debug;
		};
		D6949F622797A00F00A316CA /* Release */ = {
			isa = XCBuildConfiguration;
			buildSettings = {
				ASSETCATALOG_COMPILER_APPICON_NAME = AppIcon;
				ASSETCATALOG_COMPILER_GLOBAL_ACCENT_COLOR_NAME = AccentColor;
				CODE_SIGN_STYLE = Automatic;
				CURRENT_PROJECT_VERSION = 1;
				DEVELOPMENT_TEAM = F25SU568R8;
				GENERATE_INFOPLIST_FILE = YES;
				INFOPLIST_FILE = Homework56ChatRoom/Info.plist;
				INFOPLIST_KEY_UIApplicationSupportsIndirectInputEvents = YES;
				INFOPLIST_KEY_UILaunchStoryboardName = LaunchScreen;
				INFOPLIST_KEY_UIMainStoryboardFile = Main;
				INFOPLIST_KEY_UISupportedInterfaceOrientations_iPad = "UIInterfaceOrientationPortrait UIInterfaceOrientationPortraitUpsideDown UIInterfaceOrientationLandscapeLeft UIInterfaceOrientationLandscapeRight";
				INFOPLIST_KEY_UISupportedInterfaceOrientations_iPhone = "UIInterfaceOrientationPortrait UIInterfaceOrientationLandscapeLeft UIInterfaceOrientationLandscapeRight";
				LD_RUNPATH_SEARCH_PATHS = (
					"$(inherited)",
					"@executable_path/Frameworks",
				);
				MARKETING_VERSION = 1.0;
				PRODUCT_BUNDLE_IDENTIFIER = learnIOS.Homework56ChatRoom;
				PRODUCT_NAME = "$(TARGET_NAME)";
				SWIFT_EMIT_LOC_STRINGS = YES;
				SWIFT_VERSION = 5.0;
				TARGETED_DEVICE_FAMILY = "1,2";
			};
			name = Release;
		};
/* End XCBuildConfiguration section */

/* Begin XCConfigurationList section */
		D6949F472797A00800A316CA /* Build configuration list for PBXProject "Homework56ChatRoom" */ = {
			isa = XCConfigurationList;
			buildConfigurations = (
				D6949F5E2797A00F00A316CA /* Debug */,
				D6949F5F2797A00F00A316CA /* Release */,
			);
			defaultConfigurationIsVisible = 0;
			defaultConfigurationName = Release;
		};
		D6949F602797A00F00A316CA /* Build configuration list for PBXNativeTarget "Homework56ChatRoom" */ = {
			isa = XCConfigurationList;
			buildConfigurations = (
				D6949F612797A00F00A316CA /* Debug */,
				D6949F622797A00F00A316CA /* Release */,
			);
			defaultConfigurationIsVisible = 0;
			defaultConfigurationName = Release;
		};
/* End XCConfigurationList section */
	};
	rootObject = D6949F442797A00800A316CA /* Project object */;
}
